
Microsoft Visual Studio Solution File, Format Version 12.00
# Visual Studio 15
VisualStudioVersion = 15.0.27428.2015
MinimumVisualStudioVersion = 10.0.40219.1
Project("{9A19103F-16F7-4668-BE54-9A1E7A4F7556}") = "BlogNC", "BlogNC\BlogNC.csproj", "{E473C117-C3EE-4DC2-92F0-F4C3E103B2BE}"
EndProject
Global
	GlobalSection(SolutionConfigurationPlatforms) = preSolution
		Debug|Any CPU = Debug|Any CPU
		Release|Any CPU = Release|Any CPU
	EndGlobalSection
	GlobalSection(ProjectConfigurationPlatforms) = postSolution
		{E473C117-C3EE-4DC2-92F0-F4C3E103B2BE}.Debug|Any CPU.ActiveCfg = Debug|Any CPU
		{E473C117-C3EE-4DC2-92F0-F4C3E103B2BE}.Debug|Any CPU.Build.0 = Debug|Any CPU
		{E473C117-C3EE-4DC2-92F0-F4C3E103B2BE}.Release|Any CPU.ActiveCfg = Release|Any CPU
		{E473C117-C3EE-4DC2-92F0-F4C3E103B2BE}.Release|Any CPU.Build.0 = Release|Any CPU
	EndGlobalSection
	GlobalSection(SolutionProperties) = preSolution
		HideSolutionNode = FALSE
	EndGlobalSection
	GlobalSection(ExtensibilityGlobals) = postSolution
		SolutionGuid = {D8935E5B-48DF-4F4B-8818-C4AE87F986FB}
	EndGlobalSection
EndGlobal
